
Microsoft Visual Studio Solution File, Format Version 12.00
# Visual Studio Version 16
VisualStudioVersion = 16.0.30503.244
MinimumVisualStudioVersion = 10.0.40219.1
Project("{9A19103F-16F7-4668-BE54-9A1E7A4F7556}") = "Ecommerce.Api.Products", "Ecommerce.Api.Products\Ecommerce.Api.Products.csproj", "{E41FDEB9-37DB-4867-9EFC-05232F314079}"
EndProject
Project("{9A19103F-16F7-4668-BE54-9A1E7A4F7556}") = "Ecommerce.Api.Customers", "Ecommerce.Api.Customers\Ecommerce.Api.Customers.csproj", "{541CC2CF-9F06-4EE5-AC9E-EB3F2B5DEC5A}"
EndProject
Project("{9A19103F-16F7-4668-BE54-9A1E7A4F7556}") = "Ecommerce.Api.Orders", "Ecommerce.Api.Orders\Ecommerce.Api.Orders.csproj", "{9B6589F7-037A-43EA-B683-FFC6F9FA92DE}"
EndProject
Project("{9A19103F-16F7-4668-BE54-9A1E7A4F7556}") = "Ecommerce.Api.Search", "Ecommerce.Api.Search\Ecommerce.Api.Search.csproj", "{483220BA-92A1-44F5-B9C2-814ADFA5E4C0}"
EndProject
Project("{FAE04EC0-301F-11D3-BF4B-00C04F79EFBC}") = "Ecommerce.Api.Products.Tests", "Ecommerce.Api.Products.Tests\Ecommerce.Api.Products.Tests.csproj", "{D52A2F6E-699A-49CC-B232-58115E6063D5}"
EndProject
Global
	GlobalSection(SolutionConfigurationPlatforms) = preSolution
		Debug|Any CPU = Debug|Any CPU
		Release|Any CPU = Release|Any CPU
	EndGlobalSection
	GlobalSection(ProjectConfigurationPlatforms) = postSolution
		{E41FDEB9-37DB-4867-9EFC-05232F314079}.Debug|Any CPU.ActiveCfg = Debug|Any CPU
		{E41FDEB9-37DB-4867-9EFC-05232F314079}.Debug|Any CPU.Build.0 = Debug|Any CPU
		{E41FDEB9-37DB-4867-9EFC-05232F314079}.Release|Any CPU.ActiveCfg = Release|Any CPU
		{E41FDEB9-37DB-4867-9EFC-05232F314079}.Release|Any CPU.Build.0 = Release|Any CPU
		{541CC2CF-9F06-4EE5-AC9E-EB3F2B5DEC5A}.Debug|Any CPU.ActiveCfg = Debug|Any CPU
		{541CC2CF-9F06-4EE5-AC9E-EB3F2B5DEC5A}.Debug|Any CPU.Build.0 = Debug|Any CPU
		{541CC2CF-9F06-4EE5-AC9E-EB3F2B5DEC5A}.Release|Any CPU.ActiveCfg = Release|Any CPU
		{541CC2CF-9F06-4EE5-AC9E-EB3F2B5DEC5A}.Release|Any CPU.Build.0 = Release|Any CPU
		{9B6589F7-037A-43EA-B683-FFC6F9FA92DE}.Debug|Any CPU.ActiveCfg = Debug|Any CPU
		{9B6589F7-037A-43EA-B683-FFC6F9FA92DE}.Debug|Any CPU.Build.0 = Debug|Any CPU
		{9B6589F7-037A-43EA-B683-FFC6F9FA92DE}.Release|Any CPU.ActiveCfg = Release|Any CPU
		{9B6589F7-037A-43EA-B683-FFC6F9FA92DE}.Release|Any CPU.Build.0 = Release|Any CPU
		{483220BA-92A1-44F5-B9C2-814ADFA5E4C0}.Debug|Any CPU.ActiveCfg = Debug|Any CPU
		{483220BA-92A1-44F5-B9C2-814ADFA5E4C0}.Debug|Any CPU.Build.0 = Debug|Any CPU
		{483220BA-92A1-44F5-B9C2-814ADFA5E4C0}.Release|Any CPU.ActiveCfg = Release|Any CPU
		{483220BA-92A1-44F5-B9C2-814ADFA5E4C0}.Release|Any CPU.Build.0 = Release|Any CPU
		{D52A2F6E-699A-49CC-B232-58115E6063D5}.Debug|Any CPU.ActiveCfg = Debug|Any CPU
		{D52A2F6E-699A-49CC-B232-58115E6063D5}.Debug|Any CPU.Build.0 = Debug|Any CPU
		{D52A2F6E-699A-49CC-B232-58115E6063D5}.Release|Any CPU.ActiveCfg = Release|Any CPU
		{D52A2F6E-699A-49CC-B232-58115E6063D5}.Release|Any CPU.Build.0 = Release|Any CPU
	EndGlobalSection
	GlobalSection(SolutionProperties) = preSolution
		HideSolutionNode = FALSE
	EndGlobalSection
	GlobalSection(ExtensibilityGlobals) = postSolution
		SolutionGuid = {02245FB1-D934-40B2-908F-1D046AE1F22E}
	EndGlobalSection
EndGlobal
